
Microsoft Visual Studio Solution File, Format Version 12.00
# Visual Studio Version 17
VisualStudioVersion = 17.10.35004.147
MinimumVisualStudioVersion = 10.0.40219.1
Project("{FAE04EC0-301F-11D3-BF4B-00C04F79EFBC}") = "AppConfigurationReferencesSample", "AppConfigurationReferencesSample.csproj", "{48117A08-0E94-41C7-AAC3-D688D91FC670}"
EndProject
Global
	GlobalSection(SolutionConfigurationPlatforms) = preSolution
		Debug|Any CPU = Debug|Any CPU
		Release|Any CPU = Release|Any CPU
	EndGlobalSection
	GlobalSection(ProjectConfigurationPlatforms) = postSolution
		{48117A08-0E94-41C7-AAC3-D688D91FC670}.Debug|Any CPU.ActiveCfg = Debug|Any CPU
		{48117A08-0E94-41C7-AAC3-D688D91FC670}.Debug|Any CPU.Build.0 = Debug|Any CPU
		{48117A08-0E94-41C7-AAC3-D688D91FC670}.Release|Any CPU.ActiveCfg = Release|Any CPU
		{48117A08-0E94-41C7-AAC3-D688D91FC670}.Release|Any CPU.Build.0 = Release|Any CPU
	EndGlobalSection
	GlobalSection(SolutionProperties) = preSolution
		HideSolutionNode = FALSE
	EndGlobalSection
	GlobalSection(ExtensibilityGlobals) = postSolution
		SolutionGuid = {E2F5E549-104D-4792-84DE-52C16D6F9AF2}
	EndGlobalSection
EndGlobal
